// !$*UTF8*$!
{
	archiveVersion = 1;
	classes = {
	};
	objectVersion = 55;
	objects = {

/* Begin PBXBuildFile section */
		80C6B9D2286135AD00F52F52 /* ResponsiveUI_Learning_ProjectApp.swift in Sources */ = {isa = PBXBuildFile; fileRef = 80C6B9D1286135AD00F52F52 /* ResponsiveUI_Learning_ProjectApp.swift */; };
		80C6B9D4286135AD00F52F52 /* ContentView.swift in Sources */ = {isa = PBXBuildFile; fileRef = 80C6B9D3286135AD00F52F52 /* ContentView.swift */; };
		80C6B9D6286135AF00F52F52 /* Assets.xcassets in Resources */ = {isa = PBXBuildFile; fileRef = 80C6B9D5286135AF00F52F52 /* Assets.xcassets */; };
		80C6B9D9286135AF00F52F52 /* Preview Assets.xcassets in Resources */ = {isa = PBXBuildFile; fileRef = 80C6B9D8286135AF00F52F52 /* Preview Assets.xcassets */; };
		80C6B9E12861367300F52F52 /* UserModel.swift in Sources */ = {isa = PBXBuildFile; fileRef = 80C6B9E02861367300F52F52 /* UserModel.swift */; };
		80C6B9E3286139BD00F52F52 /* ResponsiveView.swift in Sources */ = {isa = PBXBuildFile; fileRef = 80C6B9E2286139BD00F52F52 /* ResponsiveView.swift */; };
		80C6B9E528613E9700F52F52 /* Sidebar.swift in Sources */ = {isa = PBXBuildFile; fileRef = 80C6B9E428613E9700F52F52 /* Sidebar.swift */; };
		80C6B9E728613F4100F52F52 /* Extensions.swift in Sources */ = {isa = PBXBuildFile; fileRef = 80C6B9E628613F4100F52F52 /* Extensions.swift */; };
		80C6B9E92861403000F52F52 /* DetailView.swift in Sources */ = {isa = PBXBuildFile; fileRef = 80C6B9E82861403000F52F52 /* DetailView.swift */; };
		80C6B9EB2861416100F52F52 /* ExtensionOnImage.swift in Sources */ = {isa = PBXBuildFile; fileRef = 80C6B9EA2861416100F52F52 /* ExtensionOnImage.swift */; };
/* End PBXBuildFile section */

/* Begin PBXFileReference section */
		80C6B9CE286135AD00F52F52 /* ResponsiveUI Learning Project.app */ = {isa = PBXFileReference; explicitFileType = wrapper.application; includeInIndex = 0; path = "ResponsiveUI Learning Project.app"; sourceTree = BUILT_PRODUCTS_DIR; };
		80C6B9D1286135AD00F52F52 /* ResponsiveUI_Learning_ProjectApp.swift */ = {isa = PBXFileReference; lastKnownFileType = sourcecode.swift; path = ResponsiveUI_Learning_ProjectApp.swift; sourceTree = "<group>"; };
		80C6B9D3286135AD00F52F52 /* ContentView.swift */ = {isa = PBXFileReference; lastKnownFileType = sourcecode.swift; path = ContentView.swift; sourceTree = "<group>"; };
		80C6B9D5286135AF00F52F52 /* Assets.xcassets */ = {isa = PBXFileReference; lastKnownFileType = folder.assetcatalog; path = Assets.xcassets; sourceTree = "<group>"; };
		80C6B9D8286135AF00F52F52 /* Preview Assets.xcassets */ = {isa = PBXFileReference; lastKnownFileType = folder.assetcatalog; path = "Preview Assets.xcassets"; sourceTree = "<group>"; };
		80C6B9E02861367300F52F52 /* UserModel.swift */ = {isa = PBXFileReference; lastKnownFileType = sourcecode.swift; path = UserModel.swift; sourceTree = "<group>"; };
		80C6B9E2286139BD00F52F52 /* ResponsiveView.swift */ = {isa = PBXFileReference; lastKnownFileType = sourcecode.swift; path = ResponsiveView.swift; sourceTree = "<group>"; };
		80C6B9E428613E9700F52F52 /* Sidebar.swift */ = {isa = PBXFileReference; lastKnownFileType = sourcecode.swift; path = Sidebar.swift; sourceTree = "<group>"; };
		80C6B9E628613F4100F52F52 /* Extensions.swift */ = {isa = PBXFileReference; lastKnownFileType = sourcecode.swift; path = Extensions.swift; sourceTree = "<group>"; };
		80C6B9E82861403000F52F52 /* DetailView.swift */ = {isa = PBXFileReference; lastKnownFileType = sourcecode.swift; path = DetailView.swift; sourceTree = "<group>"; };
		80C6B9EA2861416100F52F52 /* ExtensionOnImage.swift */ = {isa = PBXFileReference; lastKnownFileType = sourcecode.swift; path = ExtensionOnImage.swift; sourceTree = "<group>"; };
/* End PBXFileReference section */

/* Begin PBXFrameworksBuildPhase section */
		80C6B9CB286135AD00F52F52 /* Frameworks */ = {
			isa = PBXFrameworksBuildPhase;
			buildActionMask = 2147483647;
			files = (
			);
			runOnlyForDeploymentPostprocessing = 0;
		};
/* End PBXFrameworksBuildPhase section */

/* Begin PBXGroup section */
		80C6B9C5286135AD00F52F52 = {
			isa = PBXGroup;
			children = (
				80C6B9D0286135AD00F52F52 /* ResponsiveUI Learning Project */,
				80C6B9CF286135AD00F52F52 /* Products */,
			);
			sourceTree = "<group>";
		};
		80C6B9CF286135AD00F52F52 /* Products */ = {
			isa = PBXGroup;
			children = (
				80C6B9CE286135AD00F52F52 /* ResponsiveUI Learning Project.app */,
			);
			name = Products;
			sourceTree = "<group>";
		};
		80C6B9D0286135AD00F52F52 /* ResponsiveUI Learning Project */ = {
			isa = PBXGroup;
			children = (
				80C6B9DF2861362100F52F52 /* Model */,
				80C6B9D1286135AD00F52F52 /* ResponsiveUI_Learning_ProjectApp.swift */,
				80C6B9D3286135AD00F52F52 /* ContentView.swift */,
				80C6B9E82861403000F52F52 /* DetailView.swift */,
				80C6B9E2286139BD00F52F52 /* ResponsiveView.swift */,
				80C6B9E428613E9700F52F52 /* Sidebar.swift */,
				80C6B9D5286135AF00F52F52 /* Assets.xcassets */,
				80C6B9D7286135AF00F52F52 /* Preview Content */,
			);
			path = "ResponsiveUI Learning Project";
			sourceTree = "<group>";
		};
		80C6B9D7286135AF00F52F52 /* Preview Content */ = {
			isa = PBXGroup;
			children = (
				80C6B9D8286135AF00F52F52 /* Preview Assets.xcassets */,
			);
			path = "Preview Content";
			sourceTree = "<group>";
		};
		80C6B9DF2861362100F52F52 /* Model */ = {
			isa = PBXGroup;
			children = (
				80C6B9E02861367300F52F52 /* UserModel.swift */,
				80C6B9E628613F4100F52F52 /* Extensions.swift */,
				80C6B9EA2861416100F52F52 /* ExtensionOnImage.swift */,
			);
			path = Model;
			sourceTree = "<group>";
		};
/* End PBXGroup section */

/* Begin PBXNativeTarget section */
		80C6B9CD286135AD00F52F52 /* ResponsiveUI Learning Project */ = {
			isa = PBXNativeTarget;
			buildConfigurationList = 80C6B9DC286135AF00F52F52 /* Build configuration list for PBXNativeTarget "ResponsiveUI Learning Project" */;
			buildPhases = (
				80C6B9CA286135AD00F52F52 /* Sources */,
				80C6B9CB286135AD00F52F52 /* Frameworks */,
				80C6B9CC286135AD00F52F52 /* Resources */,
			);
			buildRules = (
			);
			dependencies = (
			);
			name = "ResponsiveUI Learning Project";
			productName = "ResponsiveUI Learning Project";
			productReference = 80C6B9CE286135AD00F52F52 /* ResponsiveUI Learning Project.app */;
			productType = "com.apple.product-type.application";
		};
/* End PBXNativeTarget section */

/* Begin PBXProject section */
		80C6B9C6286135AD00F52F52 /* Project object */ = {
			isa = PBXProject;
			attributes = {
				BuildIndependentTargetsInParallel = 1;
				LastSwiftUpdateCheck = 1340;
				LastUpgradeCheck = 1340;
				TargetAttributes = {
					80C6B9CD286135AD00F52F52 = {
						CreatedOnToolsVersion = 13.4.1;
					};
				};
			};
			buildConfigurationList = 80C6B9C9286135AD00F52F52 /* Build configuration list for PBXProject "ResponsiveUI Learning Project" */;
			compatibilityVersion = "Xcode 13.0";
			developmentRegion = en;
			hasScannedForEncodings = 0;
			knownRegions = (
				en,
				Base,
			);
			mainGroup = 80C6B9C5286135AD00F52F52;
			productRefGroup = 80C6B9CF286135AD00F52F52 /* Products */;
			projectDirPath = "";
			projectRoot = "";
			targets = (
				80C6B9CD286135AD00F52F52 /* ResponsiveUI Learning Project */,
			);
		};
/* End PBXProject section */

/* Begin PBXResourcesBuildPhase section */
		80C6B9CC286135AD00F52F52 /* Resources */ = {
			isa = PBXResourcesBuildPhase;
			buildActionMask = 2147483647;
			files = (
				80C6B9D9286135AF00F52F52 /* Preview Assets.xcassets in Resources */,
				80C6B9D6286135AF00F52F52 /* Assets.xcassets in Resources */,
			);
			runOnlyForDeploymentPostprocessing = 0;
		};
/* End PBXResourcesBuildPhase section */

/* Begin PBXSourcesBuildPhase section */
		80C6B9CA286135AD00F52F52 /* Sources */ = {
			isa = PBXSourcesBuildPhase;
			buildActionMask = 2147483647;
			files = (
				80C6B9E528613E9700F52F52 /* Sidebar.swift in Sources */,
				80C6B9E728613F4100F52F52 /* Extensions.swift in Sources */,
				80C6B9E3286139BD00F52F52 /* ResponsiveView.swift in Sources */,
				80C6B9E92861403000F52F52 /* DetailView.swift in Sources */,
				80C6B9D4286135AD00F52F52 /* ContentView.swift in Sources */,
				80C6B9E12861367300F52F52 /* UserModel.swift in Sources */,
				80C6B9EB2861416100F52F52 /* ExtensionOnImage.swift in Sources */,
				80C6B9D2286135AD00F52F52 /* ResponsiveUI_Learning_ProjectApp.swift in Sources */,
			);
			runOnlyForDeploymentPostprocessing = 0;
		};
/* End PBXSourcesBuildPhase section */

/* Begin XCBuildConfiguration section */
		80C6B9DA286135AF00F52F52 /* Debug */ = {
			isa = XCBuildConfiguration;
			buildSettings = {
				ALWAYS_SEARCH_USER_PATHS = NO;
				CLANG_ANALYZER_NONNULL = YES;
				CLANG_ANALYZER_NUMBER_OBJECT_CONVERSION = YES_AGGRESSIVE;
				CLANG_CXX_LANGUAGE_STANDARD = "gnu++17";
				CLANG_ENABLE_MODULES = YES;
				CLANG_ENABLE_OBJC_ARC = YES;
				CLANG_ENABLE_OBJC_WEAK = YES;
				CLANG_WARN_BLOCK_CAPTURE_AUTORELEASING = YES;
				CLANG_WARN_BOOL_CONVERSION = YES;
				CLANG_WARN_COMMA = YES;
				CLANG_WARN_CONSTANT_CONVERSION = YES;
				CLANG_WARN_DEPRECATED_OBJC_IMPLEMENTATIONS = YES;
				CLANG_WARN_DIRECT_OBJC_ISA_USAGE = YES_ERROR;
				CLANG_WARN_DOCUMENTATION_COMMENTS = YES;
				CLANG_WARN_EMPTY_BODY = YES;
				CLANG_WARN_ENUM_CONVERSION = YES;
				CLANG_WARN_INFINITE_RECURSION = YES;
				CLANG_WARN_INT_CONVERSION = YES;
				CLANG_WARN_NON_LITERAL_NULL_CONVERSION = YES;
				CLANG_WARN_OBJC_IMPLICIT_RETAIN_SELF = YES;
				CLANG_WARN_OBJC_LITERAL_CONVERSION = YES;
				CLANG_WARN_OBJC_ROOT_CLASS = YES_ERROR;
				CLANG_WARN_QUOTED_INCLUDE_IN_FRAMEWORK_HEADER = YES;
				CLANG_WARN_RANGE_LOOP_ANALYSIS = YES;
				CLANG_WARN_STRICT_PROTOTYPES = YES;
				CLANG_WARN_SUSPICIOUS_MOVE = YES;
				CLANG_WARN_UNGUARDED_AVAILABILITY = YES_AGGRESSIVE;
				CLANG_WARN_UNREACHABLE_CODE = YES;
				CLANG_WARN__DUPLICATE_METHOD_MATCH = YES;
				COPY_PHASE_STRIP = NO;
				DEBUG_INFORMATION_FORMAT = dwarf;
				ENABLE_STRICT_OBJC_MSGSEND = YES;
				ENABLE_TESTABILITY = YES;
				GCC_C_LANGUAGE_STANDARD = gnu11;
				GCC_DYNAMIC_NO_PIC = NO;
				GCC_NO_COMMON_BLOCKS = YES;
				GCC_OPTIMIZATION_LEVEL = 0;
				GCC_PREPROCESSOR_DEFINITIONS = (
					"DEBUG=1",
					"$(inherited)",
				);
				GCC_WARN_64_TO_32_BIT_CONVERSION = YES;
				GCC_WARN_ABOUT_RETURN_TYPE = YES_ERROR;
				GCC_WARN_UNDECLARED_SELECTOR = YES;
				GCC_WARN_UNINITIALIZED_AUTOS = YES_AGGRESSIVE;
				GCC_WARN_UNUSED_FUNCTION = YES;
				GCC_WARN_UNUSED_VARIABLE = YES;
				IPHONEOS_DEPLOYMENT_TARGET = 15.5;
				MTL_ENABLE_DEBUG_INFO = INCLUDE_SOURCE;
				MTL_FAST_MATH = YES;
				ONLY_ACTIVE_ARCH = YES;
				SDKROOT = iphoneos;
				SWIFT_ACTIVE_COMPILATION_CONDITIONS = DEBUG;
				SWIFT_OPTIMIZATION_LEVEL = "-Onone";
			};
			name = Debug;
		};
		80C6B9DB286135AF00F52F52 /* Release */ = {
			isa = XCBuildConfiguration;
			buildSettings = {
				ALWAYS_SEARCH_USER_PATHS = NO;
				CLANG_ANALYZER_NONNULL = YES;
				CLANG_ANALYZER_NUMBER_OBJECT_CONVERSION = YES_AGGRESSIVE;
				CLANG_CXX_LANGUAGE_STANDARD = "gnu++17";
				CLANG_ENABLE_MODULES = YES;
				CLANG_ENABLE_OBJC_ARC = YES;
				CLANG_ENABLE_OBJC_WEAK = YES;
				CLANG_WARN_BLOCK_CAPTURE_AUTORELEASING = YES;
				CLANG_WARN_BOOL_CONVERSION = YES;
				CLANG_WARN_COMMA = YES;
				CLANG_WARN_CONSTANT_CONVERSION = YES;
				CLANG_WARN_DEPRECATED_OBJC_IMPLEMENTATIONS = YES;
				CLANG_WARN_DIRECT_OBJC_ISA_USAGE = YES_ERROR;
				CLANG_WARN_DOCUMENTATION_COMMENTS = YES;
				CLANG_WARN_EMPTY_BODY = YES;
				CLANG_WARN_ENUM_CONVERSION = YES;
				CLANG_WARN_INFINITE_RECURSION = YES;
				CLANG_WARN_INT_CONVERSION = YES;
				CLANG_WARN_NON_LITERAL_NULL_CONVERSION = YES;
				CLANG_WARN_OBJC_IMPLICIT_RETAIN_SELF = YES;
				CLANG_WARN_OBJC_LITERAL_CONVERSION = YES;
				CLANG_WARN_OBJC_ROOT_CLASS = YES_ERROR;
				CLANG_WARN_QUOTED_INCLUDE_IN_FRAMEWORK_HEADER = YES;
				CLANG_WARN_RANGE_LOOP_ANALYSIS = YES;
				CLANG_WARN_STRICT_PROTOTYPES = YES;
				CLANG_WARN_SUSPICIOUS_MOVE = YES;
				CLANG_WARN_UNGUARDED_AVAILABILITY = YES_AGGRESSIVE;
				CLANG_WARN_UNREACHABLE_CODE = YES;
				CLANG_WARN__DUPLICATE_METHOD_MATCH = YES;
				COPY_PHASE_STRIP = NO;
				DEBUG_INFORMATION_FORMAT = "dwarf-with-dsym";
				ENABLE_NS_ASSERTIONS = NO;
				ENABLE_STRICT_OBJC_MSGSEND = YES;
				GCC_C_LANGUAGE_STANDARD = gnu11;
				GCC_NO_COMMON_BLOCKS = YES;
				GCC_WARN_64_TO_32_BIT_CONVERSION = YES;
				GCC_WARN_ABOUT_RETURN_TYPE = YES_ERROR;
				GCC_WARN_UNDECLARED_SELECTOR = YES;
				GCC_WARN_UNINITIALIZED_AUTOS = YES_AGGRESSIVE;
				GCC_WARN_UNUSED_FUNCTION = YES;
				GCC_WARN_UNUSED_VARIABLE = YES;
				IPHONEOS_DEPLOYMENT_TARGET = 15.5;
				MTL_ENABLE_DEBUG_INFO = NO;
				MTL_FAST_MATH = YES;
				SDKROOT = iphoneos;
				SWIFT_COMPILATION_MODE = wholemodule;
				SWIFT_OPTIMIZATION_LEVEL = "-O";
				VALIDATE_PRODUCT = YES;
			};
			name = Release;
		};
		80C6B9DD286135AF00F52F52 /* Debug */ = {
			isa = XCBuildConfiguration;
			buildSettings = {
				ASSETCATALOG_COMPILER_APPICON_NAME = AppIcon;
				ASSETCATALOG_COMPILER_GLOBAL_ACCENT_COLOR_NAME = AccentColor;
				CODE_SIGN_STYLE = Automatic;
				CURRENT_PROJECT_VERSION = 1;
				DEVELOPMENT_ASSET_PATHS = "\"ResponsiveUI Learning Project/Preview Content\"";
				DEVELOPMENT_TEAM = ZD3ZX8KHC6;
				ENABLE_PREVIEWS = YES;
				GENERATE_INFOPLIST_FILE = YES;
				INFOPLIST_KEY_UIApplicationSceneManifest_Generation = YES;
				INFOPLIST_KEY_UIApplicationSupportsIndirectInputEvents = YES;
				INFOPLIST_KEY_UILaunchScreen_Generation = YES;
				INFOPLIST_KEY_UISupportedInterfaceOrientations_iPad = "UIInterfaceOrientationPortrait UIInterfaceOrientationPortraitUpsideDown UIInterfaceOrientationLandscapeLeft UIInterfaceOrientationLandscapeRight";
				INFOPLIST_KEY_UISupportedInterfaceOrientations_iPhone = "UIInterfaceOrientationPortrait UIInterfaceOrientationLandscapeLeft UIInterfaceOrientationLandscapeRight";
				LD_RUNPATH_SEARCH_PATHS = (
					"$(inherited)",
					"@executable_path/Frameworks",
				);
				MARKETING_VERSION = 1.0;
				PRODUCT_BUNDLE_IDENTIFIER = "supernovaonline.ResponsiveUI-Learning-Project";
				PRODUCT_NAME = "$(TARGET_NAME)";
				SWIFT_EMIT_LOC_STRINGS = YES;
				SWIFT_VERSION = 5.0;
				TARGETED_DEVICE_FAMILY = "1,2";
			};
			name = Debug;
		};
		80C6B9DE286135AF00F52F52 /* Release */ = {
			isa = XCBuildConfiguration;
			buildSettings = {
				ASSETCATALOG_COMPILER_APPICON_NAME = AppIcon;
				ASSETCATALOG_COMPILER_GLOBAL_ACCENT_COLOR_NAME = AccentColor;
				CODE_SIGN_STYLE = Automatic;
				CURRENT_PROJECT_VERSION = 1;
				DEVELOPMENT_ASSET_PATHS = "\"ResponsiveUI Learning Project/Preview Content\"";
				DEVELOPMENT_TEAM = ZD3ZX8KHC6;
				ENABLE_PREVIEWS = YES;
				GENERATE_INFOPLIST_FILE = YES;
				INFOPLIST_KEY_UIApplicationSceneManifest_Generation = YES;
				INFOPLIST_KEY_UIApplicationSupportsIndirectInputEvents = YES;
				INFOPLIST_KEY_UILaunchScreen_Generation = YES;
				INFOPLIST_KEY_UISupportedInterfaceOrientations_iPad = "UIInterfaceOrientationPortrait UIInterfaceOrientationPortraitUpsideDown UIInterfaceOrientationLandscapeLeft UIInterfaceOrientationLandscapeRight";
				INFOPLIST_KEY_UISupportedInterfaceOrientations_iPhone = "UIInterfaceOrientationPortrait UIInterfaceOrientationLandscapeLeft UIInterfaceOrientationLandscapeRight";
				LD_RUNPATH_SEARCH_PATHS = (
					"$(inherited)",
					"@executable_path/Frameworks",
				);
				MARKETING_VERSION = 1.0;
				PRODUCT_BUNDLE_IDENTIFIER = "supernovaonline.ResponsiveUI-Learning-Project";
				PRODUCT_NAME = "$(TARGET_NAME)";
				SWIFT_EMIT_LOC_STRINGS = YES;
				SWIFT_VERSION = 5.0;
				TARGETED_DEVICE_FAMILY = "1,2";
			};
			name = Release;
		};
/* End XCBuildConfiguration section */

/* Begin XCConfigurationList section */
		80C6B9C9286135AD00F52F52 /* Build configuration list for PBXProject "ResponsiveUI Learning Project" */ = {
			isa = XCConfigurationList;
			buildConfigurations = (
				80C6B9DA286135AF00F52F52 /* Debug */,
				80C6B9DB286135AF00F52F52 /* Release */,
			);
			defaultConfigurationIsVisible = 0;
			defaultConfigurationName = Release;
		};
		80C6B9DC286135AF00F52F52 /* Build configuration list for PBXNativeTarget "ResponsiveUI Learning Project" */ = {
			isa = XCConfigurationList;
			buildConfigurations = (
				80C6B9DD286135AF00F52F52 /* Debug */,
				80C6B9DE286135AF00F52F52 /* Release */,
			);
			defaultConfigurationIsVisible = 0;
			defaultConfigurationName = Release;
		};
/* End XCConfigurationList section */
	};
	rootObject = 80C6B9C6286135AD00F52F52 /* Project object */;
}
